{
  "name": "extractor",
  "lockfileVersion": 3,
  "requires": true,
  "packages": {
    "": {
      "dependencies": {
        "extractor": "file:../.."
      }
    },
    "../..": {
      "version": "0.1.0",
      "dependencies": {
        "@aws-sdk/client-s3": "^3.658.1",
        "@aws-sdk/s3-request-presigner": "^3.658.1",
        "@fastify/sensible": "^6.0.1",
        "@thatopen/fragments": "~3.4.0",
        "bullmq": "^5.21.2",
        "fastify": "^5.0.0",
        "ioredis": "^5.4.1",
        "pdfjs-dist": "^4.9.155",
        "pino": "^9.5.0",
        "pino-pretty": "^11.3.0",
        "web-ifc": "0.0.77",
        "zod": "^3.24.1"
      },
      "devDependencies": {
        "@types/node": "^22.10.1",
        "rimraf": "^5.0.10",
        "tsx": "^4.19.2",
        "typescript": "^5.8.3",
        "vitest": "^2.1.6"
      }
    },
    "node_modules/extractor": {
      "resolved": "../..",
      "link": true
    }
  }
}
